// !$*UTF8*$!
{
	archiveVersion = 1;
	classes = {
	};
	objectVersion = 46;
	objects = {

/* Begin PBXBuildFile section */
		B1E26F8113EE6CAA001B376A /* InfoPlist.strings in Resources */ = {isa = PBXBuildFile; fileRef = B1E26F7F13EE6CAA001B376A /* InfoPlist.strings */; };
		B1E26F8513EE6CAA001B376A /* SampleEncryptionFilter.cpp in Sources */ = {isa = PBXBuildFile; fileRef = B1E26F8413EE6CAA001B376A /* SampleEncryptionFilter.cpp */; };
		DA15705D1E9BA0DE00FEC293 /* checkKextLoaded.sh in CopyFiles */ = {isa = PBXBuildFile; fileRef = DA1570521E9BA0AF00FEC293 /* checkKextLoaded.sh */; };
		DA15705E1E9BA0DE00FEC293 /* installKext.sh in CopyFiles */ = {isa = PBXBuildFile; fileRef = DA1570531E9BA0AF00FEC293 /* installKext.sh */; };
		DA15705F1E9BA0DE00FEC293 /* loadKext.sh in CopyFiles */ = {isa = PBXBuildFile; fileRef = DA1570541E9BA0AF00FEC293 /* loadKext.sh */; };
		DA1570601E9BA0DE00FEC293 /* removeKext.sh in CopyFiles */ = {isa = PBXBuildFile; fileRef = DA1570551E9BA0AF00FEC293 /* removeKext.sh */; };
		DA1570611E9BA0DE00FEC293 /* unloadKext.sh in CopyFiles */ = {isa = PBXBuildFile; fileRef = DA1570561E9BA0AF00FEC293 /* unloadKext.sh */; };
/* End PBXBuildFile section */

/* Begin PBXCopyFilesBuildPhase section */
		DA15705C1E9BA0D700FEC293 /* CopyFiles */ = {
			isa = PBXCopyFilesBuildPhase;
			buildActionMask = 2147483647;
			dstPath = "";
			dstSubfolderSpec = 16;
			files = (
				DA15705D1E9BA0DE00FEC293 /* checkKextLoaded.sh in CopyFiles */,
				DA15705E1E9BA0DE00FEC293 /* installKext.sh in CopyFiles */,
				DA15705F1E9BA0DE00FEC293 /* loadKext.sh in CopyFiles */,
				DA1570601E9BA0DE00FEC293 /* removeKext.sh in CopyFiles */,
				DA1570611E9BA0DE00FEC293 /* unloadKext.sh in CopyFiles */,
			);
			runOnlyForDeploymentPostprocessing = 0;
		};
/* End PBXCopyFilesBuildPhase section */

/* Begin PBXFileReference section */
		B1E26F7713EE6CAA001B376A /* SampleEncryptionFilter.kext */ = {isa = PBXFileReference; explicitFileType = wrapper.cfbundle; includeInIndex = 0; path = SampleEncryptionFilter.kext; sourceTree = BUILT_PRODUCTS_DIR; };
		B1E26F7B13EE6CAA001B376A /* Kernel.framework */ = {isa = PBXFileReference; lastKnownFileType = wrapper.framework; name = Kernel.framework; path = System/Library/Frameworks/Kernel.framework; sourceTree = SDKROOT; };
		B1E26F7E13EE6CAA001B376A /* SampleEncryptionFilter-Info.plist */ = {isa = PBXFileReference; lastKnownFileType = text.plist.xml; path = "SampleEncryptionFilter-Info.plist"; sourceTree = "<group>"; };
		B1E26F8013EE6CAA001B376A /* en */ = {isa = PBXFileReference; lastKnownFileType = text.plist.strings; name = en; path = en.lproj/InfoPlist.strings; sourceTree = "<group>"; };
		B1E26F8213EE6CAA001B376A /* SampleEncryptionFilter.h */ = {isa = PBXFileReference; lastKnownFileType = sourcecode.c.h; path = SampleEncryptionFilter.h; sourceTree = "<group>"; };
		B1E26F8413EE6CAA001B376A /* SampleEncryptionFilter.cpp */ = {isa = PBXFileReference; lastKnownFileType = sourcecode.cpp.cpp; path = SampleEncryptionFilter.cpp; sourceTree = "<group>"; };
		B1E26F8613EE6CAA001B376A /* SampleEncryptionFilter-Prefix.pch */ = {isa = PBXFileReference; lastKnownFileType = sourcecode.c.h; path = "SampleEncryptionFilter-Prefix.pch"; sourceTree = "<group>"; };
		DA1570521E9BA0AF00FEC293 /* checkKextLoaded.sh */ = {isa = PBXFileReference; fileEncoding = 4; lastKnownFileType = text.script.sh; path = checkKextLoaded.sh; sourceTree = "<group>"; };
		DA1570531E9BA0AF00FEC293 /* installKext.sh */ = {isa = PBXFileReference; fileEncoding = 4; lastKnownFileType = text.script.sh; path = installKext.sh; sourceTree = "<group>"; };
		DA1570541E9BA0AF00FEC293 /* loadKext.sh */ = {isa = PBXFileReference; fileEncoding = 4; lastKnownFileType = text.script.sh; path = loadKext.sh; sourceTree = "<group>"; };
		DA1570551E9BA0AF00FEC293 /* removeKext.sh */ = {isa = PBXFileReference; fileEncoding = 4; lastKnownFileType = text.script.sh; path = removeKext.sh; sourceTree = "<group>"; };
		DA1570561E9BA0AF00FEC293 /* unloadKext.sh */ = {isa = PBXFileReference; fileEncoding = 4; lastKnownFileType = text.script.sh; path = unloadKext.sh; sourceTree = "<group>"; };
/* End PBXFileReference section */

/* Begin PBXGroup section */
		B1E26F6A13EE6CAA001B376A = {
			isa = PBXGroup;
			children = (
				B1E26F7C13EE6CAA001B376A /* SampleEncryptionFilter */,
				B1E26F7913EE6CAA001B376A /* Frameworks */,
				B1E26F7813EE6CAA001B376A /* Products */,
			);
			sourceTree = "<group>";
		};
		B1E26F7813EE6CAA001B376A /* Products */ = {
			isa = PBXGroup;
			children = (
				B1E26F7713EE6CAA001B376A /* SampleEncryptionFilter.kext */,
			);
			name = Products;
			sourceTree = "<group>";
		};
		B1E26F7913EE6CAA001B376A /* Frameworks */ = {
			isa = PBXGroup;
			children = (
				B1E26F7A13EE6CAA001B376A /* Other Frameworks */,
			);
			name = Frameworks;
			sourceTree = "<group>";
		};
		B1E26F7A13EE6CAA001B376A /* Other Frameworks */ = {
			isa = PBXGroup;
			children = (
				B1E26F7B13EE6CAA001B376A /* Kernel.framework */,
			);
			name = "Other Frameworks";
			sourceTree = "<group>";
		};
		B1E26F7C13EE6CAA001B376A /* SampleEncryptionFilter */ = {
			isa = PBXGroup;
			children = (
				DA1570511E9BA08C00FEC293 /* Scripts */,
				B1E26F8213EE6CAA001B376A /* SampleEncryptionFilter.h */,
				B1E26F8413EE6CAA001B376A /* SampleEncryptionFilter.cpp */,
				B1E26F7D13EE6CAA001B376A /* Supporting Files */,
			);
			path = SampleEncryptionFilter;
			sourceTree = "<group>";
		};
		B1E26F7D13EE6CAA001B376A /* Supporting Files */ = {
			isa = PBXGroup;
			children = (
				B1E26F7E13EE6CAA001B376A /* SampleEncryptionFilter-Info.plist */,
				B1E26F7F13EE6CAA001B376A /* InfoPlist.strings */,
				B1E26F8613EE6CAA001B376A /* SampleEncryptionFilter-Prefix.pch */,
			);
			name = "Supporting Files";
			sourceTree = "<group>";
		};
		DA1570511E9BA08C00FEC293 /* Scripts */ = {
			isa = PBXGroup;
			children = (
				DA1570521E9BA0AF00FEC293 /* checkKextLoaded.sh */,
				DA1570531E9BA0AF00FEC293 /* installKext.sh */,
				DA1570541E9BA0AF00FEC293 /* loadKext.sh */,
				DA1570551E9BA0AF00FEC293 /* removeKext.sh */,
				DA1570561E9BA0AF00FEC293 /* unloadKext.sh */,
			);
			path = Scripts;
			sourceTree = "<group>";
		};
/* End PBXGroup section */

/* Begin PBXNativeTarget section */
		B1E26F7613EE6CAA001B376A /* SampleEncryptionFilter */ = {
			isa = PBXNativeTarget;
			buildConfigurationList = B1E26F8913EE6CAA001B376A /* Build configuration list for PBXNativeTarget "SampleEncryptionFilter" */;
			buildPhases = (
				B1E26F7113EE6CAA001B376A /* Sources */,
				B1E26F7413EE6CAA001B376A /* Resources */,
				DA15705C1E9BA0D700FEC293 /* CopyFiles */,
			);
			buildRules = (
			);
			dependencies = (
			);
			name = SampleEncryptionFilter;
			productName = SampleEncryptionFilter;
			productReference = B1E26F7713EE6CAA001B376A /* SampleEncryptionFilter.kext */;
			productType = "com.apple.product-type.kernel-extension";
		};
/* End PBXNativeTarget section */

/* Begin PBXProject section */
		B1E26F6C13EE6CAA001B376A /* Project object */ = {
			isa = PBXProject;
			attributes = {
			};
			buildConfigurationList = B1E26F6F13EE6CAA001B376A /* Build configuration list for PBXProject "SampleEncryptionFilter" */;
			compatibilityVersion = "Xcode 3.2";
			developmentRegion = English;
			hasScannedForEncodings = 0;
			knownRegions = (
				en,
			);
			mainGroup = B1E26F6A13EE6CAA001B376A;
			productRefGroup = B1E26F7813EE6CAA001B376A /* Products */;
			projectDirPath = "";
			projectRoot = "";
			targets = (
				B1E26F7613EE6CAA001B376A /* SampleEncryptionFilter */,
			);
		};
/* End PBXProject section */

/* Begin PBXResourcesBuildPhase section */
		B1E26F7413EE6CAA001B376A /* Resources */ = {
			isa = PBXResourcesBuildPhase;
			buildActionMask = 2147483647;
			files = (
				B1E26F8113EE6CAA001B376A /* InfoPlist.strings in Resources */,
			);
			runOnlyForDeploymentPostprocessing = 0;
		};
/* End PBXResourcesBuildPhase section */

/* Begin PBXSourcesBuildPhase section */
		B1E26F7113EE6CAA001B376A /* Sources */ = {
			isa = PBXSourcesBuildPhase;
			buildActionMask = 2147483647;
			files = (
				B1E26F8513EE6CAA001B376A /* SampleEncryptionFilter.cpp in Sources */,
			);
			runOnlyForDeploymentPostprocessing = 0;
		};
/* End PBXSourcesBuildPhase section */

/* Begin PBXVariantGroup section */
		B1E26F7F13EE6CAA001B376A /* InfoPlist.strings */ = {
			isa = PBXVariantGroup;
			children = (
				B1E26F8013EE6CAA001B376A /* en */,
			);
			name = InfoPlist.strings;
			sourceTree = "<group>";
		};
/* End PBXVariantGroup section */

/* Begin XCBuildConfiguration section */
		B1E26F8713EE6CAA001B376A /* Debug */ = {
			isa = XCBuildConfiguration;
			buildSettings = {
				ALWAYS_SEARCH_USER_PATHS = NO;
				COPY_PHASE_STRIP = NO;
				ONLY_ACTIVE_ARCH = YES;
				SDKROOT = macosx;
			};
			name = Debug;
		};
		B1E26F8813EE6CAA001B376A /* Release */ = {
			isa = XCBuildConfiguration;
			buildSettings = {
				ALWAYS_SEARCH_USER_PATHS = NO;
				SDKROOT = macosx;
			};
			name = Release;
		};
		B1E26F8A13EE6CAA001B376A /* Debug */ = {
			isa = XCBuildConfiguration;
			buildSettings = {
				CURRENT_PROJECT_VERSION = 1.0.0d1;
				INFOPLIST_FILE = "SampleEncryptionFilter/SampleEncryptionFilter-Info.plist";
				MODULE_NAME = com.osxkernel.SampleEncryptionFilter;
				MODULE_VERSION = 1.0.0d1;
				PRODUCT_NAME = "$(TARGET_NAME)";
				WRAPPER_EXTENSION = kext;
			};
			name = Debug;
		};
		B1E26F8B13EE6CAA001B376A /* Release */ = {
			isa = XCBuildConfiguration;
			buildSettings = {
				CURRENT_PROJECT_VERSION = 1.0.0d1;
				INFOPLIST_FILE = "SampleEncryptionFilter/SampleEncryptionFilter-Info.plist";
				MODULE_NAME = com.osxkernel.SampleEncryptionFilter;
				MODULE_VERSION = 1.0.0d1;
				PRODUCT_NAME = "$(TARGET_NAME)";
				WRAPPER_EXTENSION = kext;
			};
			name = Release;
		};
/* End XCBuildConfiguration section */

/* Begin XCConfigurationList section */
		B1E26F6F13EE6CAA001B376A /* Build configuration list for PBXProject "SampleEncryptionFilter" */ = {
			isa = XCConfigurationList;
			buildConfigurations = (
				B1E26F8713EE6CAA001B376A /* Debug */,
				B1E26F8813EE6CAA001B376A /* Release */,
			);
			defaultConfigurationIsVisible = 0;
			defaultConfigurationName = Release;
		};
		B1E26F8913EE6CAA001B376A /* Build configuration list for PBXNativeTarget "SampleEncryptionFilter" */ = {
			isa = XCConfigurationList;
			buildConfigurations = (
				B1E26F8A13EE6CAA001B376A /* Debug */,
				B1E26F8B13EE6CAA001B376A /* Release */,
			);
			defaultConfigurationIsVisible = 0;
			defaultConfigurationName = Release;
		};
/* End XCConfigurationList section */
	};
	rootObject = B1E26F6C13EE6CAA001B376A /* Project object */;
}
